
Microsoft Visual Studio Solution File, Format Version 12.00
# Visual Studio Version 17
VisualStudioVersion = 17.14.37027.9
MinimumVisualStudioVersion = 10.0.40219.1
Project("{FAE04EC0-301F-11D3-BF4B-00C04F79EFBC}") = "att1", "att1\att1.csproj", "{47C87149-DC3C-4528-976A-D7FC494EF42B}"
EndProject
Project("{FAE04EC0-301F-11D3-BF4B-00C04F79EFBC}") = "att2", "att2\att2.csproj", "{1A37507E-729C-4BB7-8ABE-D36AE5BA9DED}"
EndProject
Project("{FAE04EC0-301F-11D3-BF4B-00C04F79EFBC}") = "att3", "att3\att3.csproj", "{F75D2425-1410-4C80-9A23-858253731758}"
EndProject
Project("{FAE04EC0-301F-11D3-BF4B-00C04F79EFBC}") = "at4", "at4\at4.csproj", "{0D44C2B9-5FE8-4AFE-93A0-3BEDB8EE078E}"
EndProject
Project("{FAE04EC0-301F-11D3-BF4B-00C04F79EFBC}") = "att5", "att5\att5.csproj", "{36D064C9-1D19-4E77-B52B-4BAA9ADF6A49}"
EndProject
Global
	GlobalSection(SolutionConfigurationPlatforms) = preSolution
		Debug|Any CPU = Debug|Any CPU
		Release|Any CPU = Release|Any CPU
	EndGlobalSection
	GlobalSection(ProjectConfigurationPlatforms) = postSolution
		{47C87149-DC3C-4528-976A-D7FC494EF42B}.Debug|Any CPU.ActiveCfg = Debug|Any CPU
		{47C87149-DC3C-4528-976A-D7FC494EF42B}.Debug|Any CPU.Build.0 = Debug|Any CPU
		{47C87149-DC3C-4528-976A-D7FC494EF42B}.Release|Any CPU.ActiveCfg = Release|Any CPU
		{47C87149-DC3C-4528-976A-D7FC494EF42B}.Release|Any CPU.Build.0 = Release|Any CPU
		{1A37507E-729C-4BB7-8ABE-D36AE5BA9DED}.Debug|Any CPU.ActiveCfg = Debug|Any CPU
		{1A37507E-729C-4BB7-8ABE-D36AE5BA9DED}.Debug|Any CPU.Build.0 = Debug|Any CPU
		{1A37507E-729C-4BB7-8ABE-D36AE5BA9DED}.Release|Any CPU.ActiveCfg = Release|Any CPU
		{1A37507E-729C-4BB7-8ABE-D36AE5BA9DED}.Release|Any CPU.Build.0 = Release|Any CPU
		{F75D2425-1410-4C80-9A23-858253731758}.Debug|Any CPU.ActiveCfg = Debug|Any CPU
		{F75D2425-1410-4C80-9A23-858253731758}.Debug|Any CPU.Build.0 = Debug|Any CPU
		{F75D2425-1410-4C80-9A23-858253731758}.Release|Any CPU.ActiveCfg = Release|Any CPU
		{F75D2425-1410-4C80-9A23-858253731758}.Release|Any CPU.Build.0 = Release|Any CPU
		{0D44C2B9-5FE8-4AFE-93A0-3BEDB8EE078E}.Debug|Any CPU.ActiveCfg = Debug|Any CPU
		{0D44C2B9-5FE8-4AFE-93A0-3BEDB8EE078E}.Debug|Any CPU.Build.0 = Debug|Any CPU
		{0D44C2B9-5FE8-4AFE-93A0-3BEDB8EE078E}.Release|Any CPU.ActiveCfg = Release|Any CPU
		{0D44C2B9-5FE8-4AFE-93A0-3BEDB8EE078E}.Release|Any CPU.Build.0 = Release|Any CPU
		{36D064C9-1D19-4E77-B52B-4BAA9ADF6A49}.Debug|Any CPU.ActiveCfg = Debug|Any CPU
		{36D064C9-1D19-4E77-B52B-4BAA9ADF6A49}.Debug|Any CPU.Build.0 = Debug|Any CPU
		{36D064C9-1D19-4E77-B52B-4BAA9ADF6A49}.Release|Any CPU.ActiveCfg = Release|Any CPU
		{36D064C9-1D19-4E77-B52B-4BAA9ADF6A49}.Release|Any CPU.Build.0 = Release|Any CPU
	EndGlobalSection
	GlobalSection(SolutionProperties) = preSolution
		HideSolutionNode = FALSE
	EndGlobalSection
	GlobalSection(ExtensibilityGlobals) = postSolution
		SolutionGuid = {44B4A7E0-DC9F-42B3-BAF8-518F55DEE9D0}
	EndGlobalSection
EndGlobal
